
Microsoft Visual Studio Solution File, Format Version 12.00
# Visual Studio Version 17
VisualStudioVersion = 17.14.36414.22 d17.14
MinimumVisualStudioVersion = 10.0.40219.1
Project("{FAE04EC0-301F-11D3-BF4B-00C04F79EFBC}") = "parcial2", "parcial2\parcial2.csproj", "{FBDBE5FD-29BF-46E2-B1DB-9F00B8919F23}"
EndProject
Global
	GlobalSection(SolutionConfigurationPlatforms) = preSolution
		Debug|Any CPU = Debug|Any CPU
		Release|Any CPU = Release|Any CPU
	EndGlobalSection
	GlobalSection(ProjectConfigurationPlatforms) = postSolution
		{FBDBE5FD-29BF-46E2-B1DB-9F00B8919F23}.Debug|Any CPU.ActiveCfg = Debug|Any CPU
		{FBDBE5FD-29BF-46E2-B1DB-9F00B8919F23}.Debug|Any CPU.Build.0 = Debug|Any CPU
		{FBDBE5FD-29BF-46E2-B1DB-9F00B8919F23}.Release|Any CPU.ActiveCfg = Release|Any CPU
		{FBDBE5FD-29BF-46E2-B1DB-9F00B8919F23}.Release|Any CPU.Build.0 = Release|Any CPU
	EndGlobalSection
	GlobalSection(SolutionProperties) = preSolution
		HideSolutionNode = FALSE
	EndGlobalSection
	GlobalSection(ExtensibilityGlobals) = postSolution
		SolutionGuid = {334A14B9-DF9B-4F04-854E-C695C9BDAA5F}
	EndGlobalSection
EndGlobal
